
Microsoft Visual Studio Solution File, Format Version 12.00
# Visual Studio 14
VisualStudioVersion = 14.0.25420.1
MinimumVisualStudioVersion = 10.0.40219.1
Project("{FAE04EC0-301F-11D3-BF4B-00C04F79EFBC}") = "ServiciosDigitalesProy", "ServiciosDigitalesProy\ServiciosDigitalesProy.csproj", "{D8CDF0CF-B8E7-4E78-863E-C1F9FFA443DC}"
EndProject
Project("{FAE04EC0-301F-11D3-BF4B-00C04F79EFBC}") = "Persistencia", "Persistencia\Persistencia.csproj", "{113AECE2-C495-46DD-8678-72499A1387A2}"
EndProject
Project("{2150E333-8FDC-42A3-9474-1A3956D46DE8}") = "Documentos", "Documentos", "{6F50C81E-DD51-47F3-86D1-1B95674BF85B}"
	ProjectSection(SolutionItems) = preProject
		..\..\Users\Jonathan\Documents\Universidad\Proyecto de Grado\Implementacion Proyecto\ScriptBdProyectoGrado.sql = ..\..\Users\Jonathan\Documents\Universidad\Proyecto de Grado\Implementacion Proyecto\ScriptBdProyectoGrado.sql
	EndProjectSection
EndProject
Global
	GlobalSection(SolutionConfigurationPlatforms) = preSolution
		Debug|Any CPU = Debug|Any CPU
		Release|Any CPU = Release|Any CPU
	EndGlobalSection
	GlobalSection(ProjectConfigurationPlatforms) = postSolution
		{D8CDF0CF-B8E7-4E78-863E-C1F9FFA443DC}.Debug|Any CPU.ActiveCfg = Debug|Any CPU
		{D8CDF0CF-B8E7-4E78-863E-C1F9FFA443DC}.Debug|Any CPU.Build.0 = Debug|Any CPU
		{D8CDF0CF-B8E7-4E78-863E-C1F9FFA443DC}.Release|Any CPU.ActiveCfg = Release|Any CPU
		{D8CDF0CF-B8E7-4E78-863E-C1F9FFA443DC}.Release|Any CPU.Build.0 = Release|Any CPU
		{113AECE2-C495-46DD-8678-72499A1387A2}.Debug|Any CPU.ActiveCfg = Debug|Any CPU
		{113AECE2-C495-46DD-8678-72499A1387A2}.Debug|Any CPU.Build.0 = Debug|Any CPU
		{113AECE2-C495-46DD-8678-72499A1387A2}.Release|Any CPU.ActiveCfg = Release|Any CPU
		{113AECE2-C495-46DD-8678-72499A1387A2}.Release|Any CPU.Build.0 = Release|Any CPU
	EndGlobalSection
	GlobalSection(SolutionProperties) = preSolution
		HideSolutionNode = FALSE
	EndGlobalSection
EndGlobal
